# THIS IS AN AUTOGENERATED FILE. DO NOT EDIT THIS FILE DIRECTLY.
# yarn lockfile v1


aurelia-binding@^1.0.0, aurelia-binding@^1.1.0:
  version "1.2.1"
  resolved "https://registry.yarnpkg.com/aurelia-binding/-/aurelia-binding-1.2.1.tgz#8dd06d5cd85e72f3f61dc8702eedc97d5182e6b0"
  dependencies:
    aurelia-logging "^1.0.0"
    aurelia-metadata "^1.0.0"
    aurelia-pal "^1.0.0"
    aurelia-task-queue "^1.0.0"

aurelia-dependency-injection@^1.0.0:
  version "1.3.1"
  resolved "https://registry.yarnpkg.com/aurelia-dependency-injection/-/aurelia-dependency-injection-1.3.1.tgz#0dab7016c904efe7ebba45f84673b58f3800d9d7"
  dependencies:
    aurelia-metadata "^1.0.0"
    aurelia-pal "^1.0.0"

aurelia-loader@^1.0.0:
  version "1.0.0"
  resolved "https://registry.yarnpkg.com/aurelia-loader/-/aurelia-loader-1.0.0.tgz#b78c2a2813aa8e441247237dd66fd62e5d4e19ea"
  dependencies:
    aurelia-metadata "^1.0.0"
    aurelia-path "^1.0.0"

aurelia-logging@^1.0.0:
  version "1.3.1"
  resolved "https://registry.yarnpkg.com/aurelia-logging/-/aurelia-logging-1.3.1.tgz#b34ae759372ba08740ab12233a89bad15487fe98"

aurelia-metadata@^1.0.0:
  version "1.0.3"
  resolved "https://registry.yarnpkg.com/aurelia-metadata/-/aurelia-metadata-1.0.3.tgz#1e8d59da188e2871a8ad749ba42ca85084a3f30e"
  dependencies:
    aurelia-pal "^1.0.0"

aurelia-pal@^1.0.0, aurelia-pal@^1.3.0:
  version "1.3.0"
  resolved "https://registry.yarnpkg.com/aurelia-pal/-/aurelia-pal-1.3.0.tgz#95d2b8da8fb318adb6019d320d1d2f9028f37f17"

aurelia-path@^1.0.0:
  version "1.1.1"
  resolved "https://registry.yarnpkg.com/aurelia-path/-/aurelia-path-1.1.1.tgz#caa9d20bc8515a5f9f286d9a3b18d81b2c85b0dd"

aurelia-task-queue@^1.0.0, aurelia-task-queue@^1.1.0:
  version "1.2.0"
  resolved "https://registry.yarnpkg.com/aurelia-task-queue/-/aurelia-task-queue-1.2.0.tgz#9233ac30ec10b620113bbab37024a28e61f59865"
  dependencies:
    aurelia-pal "^1.0.0"

aurelia-templating-resources@^1.4.0:
  version "1.4.0"
  resolved "https://registry.yarnpkg.com/aurelia-templating-resources/-/aurelia-templating-resources-1.4.0.tgz#9c82e8dfb9f6b18af2fca77d986e9341b7409713"
  dependencies:
    aurelia-binding "^1.1.0"
    aurelia-dependency-injection "^1.0.0"
    aurelia-loader "^1.0.0"
    aurelia-logging "^1.0.0"
    aurelia-metadata "^1.0.0"
    aurelia-pal "^1.3.0"
    aurelia-path "^1.0.0"
    aurelia-task-queue "^1.0.0"
    aurelia-templating "^1.3.0"

aurelia-templating@^1.3.0:
  version "1.4.1"
  resolved "https://registry.yarnpkg.com/aurelia-templating/-/aurelia-templating-1.4.1.tgz#bc8f1972149e20f1034328bf3a42a9698856cbce"
  dependencies:
    aurelia-binding "^1.0.0"
    aurelia-dependency-injection "^1.0.0"
    aurelia-loader "^1.0.0"
    aurelia-logging "^1.0.0"
    aurelia-metadata "^1.0.0"
    aurelia-pal "^1.0.0"
    aurelia-path "^1.0.0"
    aurelia-task-queue "^1.1.0"
